
Microsoft Visual Studio Solution File, Format Version 12.00
Project("{FAE04EC0-301F-11D3-BF4B-00C04F79EFBC}") = "Splity.Party.Create", "Splity.Party.Create\src\Splity.Party.Create\Splity.Party.Create.csproj", "{96E41A40-FD46-46D4-B9C0-F85458CDE4FA}"
EndProject
Project("{FAE04EC0-301F-11D3-BF4B-00C04F79EFBC}") = "Splity.Party.Delete", "Splity.Party.Delete\src\Splity.Party.Delete\Splity.Party.Delete.csproj", "{DB2C0E7D-72D2-499C-A9BB-1090EB31AC12}"
EndProject
Project("{2150E333-8FDC-42A3-9474-1A3956D46DE8}") = "src", "src", "{A27D2E3D-1178-4C25-BE70-D74A4CABA232}"
EndProject
Project("{2150E333-8FDC-42A3-9474-1A3956D46DE8}") = "tests", "tests", "{33641F7F-E18E-434F-B81C-10BC62EDEB0C}"
EndProject
Project("{FAE04EC0-301F-11D3-BF4B-00C04F79EFBC}") = "Splity.Party.Create.Tests", "Splity.Party.Create\test\Splity.Party.Create.Tests\Splity.Party.Create.Tests.csproj", "{99598085-5771-410F-BC86-48B6516E5E85}"
EndProject
Project("{FAE04EC0-301F-11D3-BF4B-00C04F79EFBC}") = "Splity.Party.Delete.Tests", "Splity.Party.Delete\test\Splity.Party.Delete.Tests\Splity.Party.Delete.Tests.csproj", "{D179C2F3-D06A-44DF-B5B8-AE4BB3B128AC}"
EndProject
Project("{FAE04EC0-301F-11D3-BF4B-00C04F79EFBC}") = "Splity.Party.Get", "Splity.Party.Get\src\Splity.Party.Get\Splity.Party.Get.csproj", "{83B46896-F429-4BC2-AD98-A6ED7A399086}"
EndProject
Project("{FAE04EC0-301F-11D3-BF4B-00C04F79EFBC}") = "Splity.Party.Get.Tests", "Splity.Party.Get\test\Splity.Party.Get.Tests\Splity.Party.Get.Tests.csproj", "{0208C542-6631-4ADF-A0D7-AE57F74E7871}"
EndProject
Project("{FAE04EC0-301F-11D3-BF4B-00C04F79EFBC}") = "Splity.Expenses.Create", "Splity.Expenses.Create\src\Splity.Expenses.Create\Splity.Expenses.Create.csproj", "{C67F75A5-8DF1-446C-9583-A3B2DFBE3C0F}"
EndProject
Project("{FAE04EC0-301F-11D3-BF4B-00C04F79EFBC}") = "Splity.Expenses.Delete", "Splity.Expenses.Delete\src\Splity.Expenses.Delete\Splity.Expenses.Delete.csproj", "{BFBE4365-551F-4944-B87D-5EA82C01D521}"
EndProject
Project("{FAE04EC0-301F-11D3-BF4B-00C04F79EFBC}") = "Splity.Expenses.Extract", "Splity.Expenses.Extract\src\Splity.Expenses.Extract\Splity.Expenses.Extract.csproj", "{E5082CB2-1B8E-4E4F-8FC3-10B2E661CFBB}"
EndProject
Project("{FAE04EC0-301F-11D3-BF4B-00C04F79EFBC}") = "Splity.Expenses.Create.Tests", "Splity.Expenses.Create\test\Splity.Expenses.Create.Tests\Splity.Expenses.Create.Tests.csproj", "{7AC4CB9B-B2AB-4F5B-B48A-0D226AEC1913}"
EndProject
Project("{FAE04EC0-301F-11D3-BF4B-00C04F79EFBC}") = "Splity.Expenses.Delete.Tests", "Splity.Expenses.Delete\test\Splity.Expenses.Delete.Tests\Splity.Expenses.Delete.Tests.csproj", "{AF7BCB4F-216B-4C77-B8D6-03F46D12B0CB}"
EndProject
Project("{FAE04EC0-301F-11D3-BF4B-00C04F79EFBC}") = "Splity.Expenses.Extract.Tests", "Splity.Expenses.Extract\test\Splity.Expenses.Extract.Tests\Splity.Expenses.Extract.Tests.csproj", "{82E3B760-62BA-4B92-991D-381D5AA3EF40}"
EndProject
Project("{FAE04EC0-301F-11D3-BF4B-00C04F79EFBC}") = "Splity.Shared.Database", "Splity.Shared.Database\Splity.Shared.Database.csproj", "{75F784A9-A894-47A4-B9EF-5F0EAF45C7A5}"
EndProject
Project("{FAE04EC0-301F-11D3-BF4B-00C04F79EFBC}") = "Splity.Shared.Storage", "Splity.Shared.Storage\Splity.Shared.Storage.csproj", "{B56E0E9E-2962-46FD-9FA2-55488B32D8B2}"
EndProject
Project("{FAE04EC0-301F-11D3-BF4B-00C04F79EFBC}") = "Splity.Shared.AI", "Splity.Shared.AI\Splity.Shared.AI.csproj", "{6CBA352C-4EA6-4218-810A-DAED14E65530}"
EndProject
Project("{2150E333-8FDC-42A3-9474-1A3956D46DE8}") = "SolutionItems", "SolutionItems", "{38AEB5E0-45FC-4539-A529-7D2C3F1ACFF5}"
	ProjectSection(SolutionItems) = preProject
		README.md = README.md
		.gitignore = .gitignore
		WARP.md = WARP.md
		splity-infrastructure-cf-template.yaml = splity-infrastructure-cf-template.yaml
		database-schema.sql = database-schema.sql
		scripts\setup-parameter-store.sh = scripts\setup-parameter-store.sh
		scripts\deploy-and-initialize-db.sh = scripts\deploy-and-initialize-db.sh
		scripts\create-lambda-function.sh = scripts\create-lambda-function.sh
	EndProjectSection
EndProject
Project("{FAE04EC0-301F-11D3-BF4B-00C04F79EFBC}") = "Splity.Shared.Common", "Splity.Shared.Common\Splity.Shared.Common.csproj", "{F3F3007B-7AB3-4B22-8FFE-565B04E29E8C}"
EndProject
Project("{FAE04EC0-301F-11D3-BF4B-00C04F79EFBC}") = "Splity.Party.Update", "Splity.Party.Update\src\Splity.Party.Update\Splity.Party.Update.csproj", "{DDEDA449-A759-4945-B2C0-C03EAC6E7C0B}"
EndProject
Project("{FAE04EC0-301F-11D3-BF4B-00C04F79EFBC}") = "Splity.Party.Update.Tests", "Splity.Party.Update\test\Splity.Party.Update.Tests\Splity.Party.Update.Tests.csproj", "{392E2851-DB87-490F-AF6F-180A313BF5A2}"
EndProject
Project("{FAE04EC0-301F-11D3-BF4B-00C04F79EFBC}") = "Splity.User.Create", "Splity.User.Create\src\Splity.User.Create\Splity.User.Create.csproj", "{C7F52BCE-8CBE-45E4-9D17-1BAFADAD4478}"
EndProject
Project("{FAE04EC0-301F-11D3-BF4B-00C04F79EFBC}") = "Splity.User.Create.Tests", "Splity.User.Create\test\Splity.User.Create.Tests\Splity.User.Create.Tests.csproj", "{74211509-6861-4BA7-B8FB-D48861DC6445}"
EndProject
Project("{FAE04EC0-301F-11D3-BF4B-00C04F79EFBC}") = "Splity.User.Get", "Splity.User.Get\src\Splity.User.Get\Splity.User.Get.csproj", "{AAB40166-4802-4424-B556-6FA9D7CEF33B}"
EndProject
Project("{FAE04EC0-301F-11D3-BF4B-00C04F79EFBC}") = "Splity.User.Get.Tests", "Splity.User.Get\test\Splity.User.Get.Tests\Splity.User.Get.Tests.csproj", "{5254DDA9-EDD2-48EF-85BB-7B759CC1FC30}"
EndProject
Project("{FAE04EC0-301F-11D3-BF4B-00C04F79EFBC}") = "Splity.User.Update", "Splity.User.Update\src\Splity.User.Update\Splity.User.Update.csproj", "{0151CD4B-89E7-4328-AC12-AA23768917F4}"
EndProject
Project("{FAE04EC0-301F-11D3-BF4B-00C04F79EFBC}") = "Splity.User.Update.Tests", "Splity.User.Update\test\Splity.User.Update.Tests\Splity.User.Update.Tests.csproj", "{03B1A1C1-ECF8-43EB-B0A8-D4D840B5A8FD}"
EndProject
Project("{FAE04EC0-301F-11D3-BF4B-00C04F79EFBC}") = "Splity.Shared.Authentication", "Splity.Shared.Authentication\Splity.Shared.Authentication.csproj", "{55BDEE22-31A6-47FE-BB85-E4A74645EAE5}"
EndProject
Project("{FAE04EC0-301F-11D3-BF4B-00C04F79EFBC}") = "Splity.Database.Initialize", "Splity.Database.Initialize\src\Splity.Database.Initialize\Splity.Database.Initialize.csproj", "{5F38905F-8145-4D13-A5AE-6BF36C9542BD}"
EndProject
Project("{FAE04EC0-301F-11D3-BF4B-00C04F79EFBC}") = "Splity.Parties.Get", "Splity.Parties.Get\src\Splity.Parties.Get\Splity.Parties.Get.csproj", "{2B5BEB89-9861-4DE8-9DCC-0FB702D325B8}"
EndProject
Project("{FAE04EC0-301F-11D3-BF4B-00C04F79EFBC}") = "Splity.Parties.Get.Tests", "Splity.Parties.Get\test\Splity.Parties.Get.Tests\Splity.Parties.Get.Tests.csproj", "{50194E56-482C-4337-B787-B052134FD5D6}"
EndProject
Global
	GlobalSection(SolutionConfigurationPlatforms) = preSolution
		Debug|Any CPU = Debug|Any CPU
		Debug|x64 = Debug|x64
		Debug|x86 = Debug|x86
		Release|Any CPU = Release|Any CPU
		Release|x64 = Release|x64
		Release|x86 = Release|x86
	EndGlobalSection
	GlobalSection(ProjectConfigurationPlatforms) = postSolution
		{96E41A40-FD46-46D4-B9C0-F85458CDE4FA}.Debug|Any CPU.ActiveCfg = Debug|Any CPU
		{96E41A40-FD46-46D4-B9C0-F85458CDE4FA}.Debug|Any CPU.Build.0 = Debug|Any CPU
		{96E41A40-FD46-46D4-B9C0-F85458CDE4FA}.Debug|x64.ActiveCfg = Debug|Any CPU
		{96E41A40-FD46-46D4-B9C0-F85458CDE4FA}.Debug|x64.Build.0 = Debug|Any CPU
		{96E41A40-FD46-46D4-B9C0-F85458CDE4FA}.Debug|x86.ActiveCfg = Debug|Any CPU
		{96E41A40-FD46-46D4-B9C0-F85458CDE4FA}.Debug|x86.Build.0 = Debug|Any CPU
		{96E41A40-FD46-46D4-B9C0-F85458CDE4FA}.Release|Any CPU.ActiveCfg = Release|Any CPU
		{96E41A40-FD46-46D4-B9C0-F85458CDE4FA}.Release|Any CPU.Build.0 = Release|Any CPU
		{96E41A40-FD46-46D4-B9C0-F85458CDE4FA}.Release|x64.ActiveCfg = Release|Any CPU
		{96E41A40-FD46-46D4-B9C0-F85458CDE4FA}.Release|x64.Build.0 = Release|Any CPU
		{96E41A40-FD46-46D4-B9C0-F85458CDE4FA}.Release|x86.ActiveCfg = Release|Any CPU
		{96E41A40-FD46-46D4-B9C0-F85458CDE4FA}.Release|x86.Build.0 = Release|Any CPU
		{DB2C0E7D-72D2-499C-A9BB-1090EB31AC12}.Debug|Any CPU.ActiveCfg = Debug|Any CPU
		{DB2C0E7D-72D2-499C-A9BB-1090EB31AC12}.Debug|Any CPU.Build.0 = Debug|Any CPU
		{DB2C0E7D-72D2-499C-A9BB-1090EB31AC12}.Debug|x64.ActiveCfg = Debug|Any CPU
		{DB2C0E7D-72D2-499C-A9BB-1090EB31AC12}.Debug|x64.Build.0 = Debug|Any CPU
		{DB2C0E7D-72D2-499C-A9BB-1090EB31AC12}.Debug|x86.ActiveCfg = Debug|Any CPU
		{DB2C0E7D-72D2-499C-A9BB-1090EB31AC12}.Debug|x86.Build.0 = Debug|Any CPU
		{DB2C0E7D-72D2-499C-A9BB-1090EB31AC12}.Release|Any CPU.ActiveCfg = Release|Any CPU
		{DB2C0E7D-72D2-499C-A9BB-1090EB31AC12}.Release|Any CPU.Build.0 = Release|Any CPU
		{DB2C0E7D-72D2-499C-A9BB-1090EB31AC12}.Release|x64.ActiveCfg = Release|Any CPU
		{DB2C0E7D-72D2-499C-A9BB-1090EB31AC12}.Release|x64.Build.0 = Release|Any CPU
		{DB2C0E7D-72D2-499C-A9BB-1090EB31AC12}.Release|x86.ActiveCfg = Release|Any CPU
		{DB2C0E7D-72D2-499C-A9BB-1090EB31AC12}.Release|x86.Build.0 = Release|Any CPU
		{99598085-5771-410F-BC86-48B6516E5E85}.Debug|Any CPU.ActiveCfg = Debug|Any CPU
		{99598085-5771-410F-BC86-48B6516E5E85}.Debug|Any CPU.Build.0 = Debug|Any CPU
		{99598085-5771-410F-BC86-48B6516E5E85}.Debug|x64.ActiveCfg = Debug|Any CPU
		{99598085-5771-410F-BC86-48B6516E5E85}.Debug|x64.Build.0 = Debug|Any CPU
		{99598085-5771-410F-BC86-48B6516E5E85}.Debug|x86.ActiveCfg = Debug|Any CPU
		{99598085-5771-410F-BC86-48B6516E5E85}.Debug|x86.Build.0 = Debug|Any CPU
		{99598085-5771-410F-BC86-48B6516E5E85}.Release|Any CPU.ActiveCfg = Release|Any CPU
		{99598085-5771-410F-BC86-48B6516E5E85}.Release|Any CPU.Build.0 = Release|Any CPU
		{99598085-5771-410F-BC86-48B6516E5E85}.Release|x64.ActiveCfg = Release|Any CPU
		{99598085-5771-410F-BC86-48B6516E5E85}.Release|x64.Build.0 = Release|Any CPU
		{99598085-5771-410F-BC86-48B6516E5E85}.Release|x86.ActiveCfg = Release|Any CPU
		{99598085-5771-410F-BC86-48B6516E5E85}.Release|x86.Build.0 = Release|Any CPU
		{D179C2F3-D06A-44DF-B5B8-AE4BB3B128AC}.Debug|Any CPU.ActiveCfg = Debug|Any CPU
		{D179C2F3-D06A-44DF-B5B8-AE4BB3B128AC}.Debug|Any CPU.Build.0 = Debug|Any CPU
		{D179C2F3-D06A-44DF-B5B8-AE4BB3B128AC}.Debug|x64.ActiveCfg = Debug|Any CPU
		{D179C2F3-D06A-44DF-B5B8-AE4BB3B128AC}.Debug|x64.Build.0 = Debug|Any CPU
		{D179C2F3-D06A-44DF-B5B8-AE4BB3B128AC}.Debug|x86.ActiveCfg = Debug|Any CPU
		{D179C2F3-D06A-44DF-B5B8-AE4BB3B128AC}.Debug|x86.Build.0 = Debug|Any CPU
		{D179C2F3-D06A-44DF-B5B8-AE4BB3B128AC}.Release|Any CPU.ActiveCfg = Release|Any CPU
		{D179C2F3-D06A-44DF-B5B8-AE4BB3B128AC}.Release|Any CPU.Build.0 = Release|Any CPU
		{D179C2F3-D06A-44DF-B5B8-AE4BB3B128AC}.Release|x64.ActiveCfg = Release|Any CPU
		{D179C2F3-D06A-44DF-B5B8-AE4BB3B128AC}.Release|x64.Build.0 = Release|Any CPU
		{D179C2F3-D06A-44DF-B5B8-AE4BB3B128AC}.Release|x86.ActiveCfg = Release|Any CPU
		{D179C2F3-D06A-44DF-B5B8-AE4BB3B128AC}.Release|x86.Build.0 = Release|Any CPU
		{83B46896-F429-4BC2-AD98-A6ED7A399086}.Debug|Any CPU.ActiveCfg = Debug|Any CPU
		{83B46896-F429-4BC2-AD98-A6ED7A399086}.Debug|Any CPU.Build.0 = Debug|Any CPU
		{83B46896-F429-4BC2-AD98-A6ED7A399086}.Debug|x64.ActiveCfg = Debug|Any CPU
		{83B46896-F429-4BC2-AD98-A6ED7A399086}.Debug|x64.Build.0 = Debug|Any CPU
		{83B46896-F429-4BC2-AD98-A6ED7A399086}.Debug|x86.ActiveCfg = Debug|Any CPU
		{83B46896-F429-4BC2-AD98-A6ED7A399086}.Debug|x86.Build.0 = Debug|Any CPU
		{83B46896-F429-4BC2-AD98-A6ED7A399086}.Release|Any CPU.ActiveCfg = Release|Any CPU
		{83B46896-F429-4BC2-AD98-A6ED7A399086}.Release|Any CPU.Build.0 = Release|Any CPU
		{83B46896-F429-4BC2-AD98-A6ED7A399086}.Release|x64.ActiveCfg = Release|Any CPU
		{83B46896-F429-4BC2-AD98-A6ED7A399086}.Release|x64.Build.0 = Release|Any CPU
		{83B46896-F429-4BC2-AD98-A6ED7A399086}.Release|x86.ActiveCfg = Release|Any CPU
		{83B46896-F429-4BC2-AD98-A6ED7A399086}.Release|x86.Build.0 = Release|Any CPU
		{0208C542-6631-4ADF-A0D7-AE57F74E7871}.Debug|Any CPU.ActiveCfg = Debug|Any CPU
		{0208C542-6631-4ADF-A0D7-AE57F74E7871}.Debug|Any CPU.Build.0 = Debug|Any CPU
		{0208C542-6631-4ADF-A0D7-AE57F74E7871}.Debug|x64.ActiveCfg = Debug|Any CPU
		{0208C542-6631-4ADF-A0D7-AE57F74E7871}.Debug|x64.Build.0 = Debug|Any CPU
		{0208C542-6631-4ADF-A0D7-AE57F74E7871}.Debug|x86.ActiveCfg = Debug|Any CPU
		{0208C542-6631-4ADF-A0D7-AE57F74E7871}.Debug|x86.Build.0 = Debug|Any CPU
		{0208C542-6631-4ADF-A0D7-AE57F74E7871}.Release|Any CPU.ActiveCfg = Release|Any CPU
		{0208C542-6631-4ADF-A0D7-AE57F74E7871}.Release|Any CPU.Build.0 = Release|Any CPU
		{0208C542-6631-4ADF-A0D7-AE57F74E7871}.Release|x64.ActiveCfg = Release|Any CPU
		{0208C542-6631-4ADF-A0D7-AE57F74E7871}.Release|x64.Build.0 = Release|Any CPU
		{0208C542-6631-4ADF-A0D7-AE57F74E7871}.Release|x86.ActiveCfg = Release|Any CPU
		{0208C542-6631-4ADF-A0D7-AE57F74E7871}.Release|x86.Build.0 = Release|Any CPU
		{C67F75A5-8DF1-446C-9583-A3B2DFBE3C0F}.Debug|Any CPU.ActiveCfg = Debug|Any CPU
		{C67F75A5-8DF1-446C-9583-A3B2DFBE3C0F}.Debug|Any CPU.Build.0 = Debug|Any CPU
		{C67F75A5-8DF1-446C-9583-A3B2DFBE3C0F}.Debug|x64.ActiveCfg = Debug|Any CPU
		{C67F75A5-8DF1-446C-9583-A3B2DFBE3C0F}.Debug|x64.Build.0 = Debug|Any CPU
		{C67F75A5-8DF1-446C-9583-A3B2DFBE3C0F}.Debug|x86.ActiveCfg = Debug|Any CPU
		{C67F75A5-8DF1-446C-9583-A3B2DFBE3C0F}.Debug|x86.Build.0 = Debug|Any CPU
		{C67F75A5-8DF1-446C-9583-A3B2DFBE3C0F}.Release|Any CPU.ActiveCfg = Release|Any CPU
		{C67F75A5-8DF1-446C-9583-A3B2DFBE3C0F}.Release|Any CPU.Build.0 = Release|Any CPU
		{C67F75A5-8DF1-446C-9583-A3B2DFBE3C0F}.Release|x64.ActiveCfg = Release|Any CPU
		{C67F75A5-8DF1-446C-9583-A3B2DFBE3C0F}.Release|x64.Build.0 = Release|Any CPU
		{C67F75A5-8DF1-446C-9583-A3B2DFBE3C0F}.Release|x86.ActiveCfg = Release|Any CPU
		{C67F75A5-8DF1-446C-9583-A3B2DFBE3C0F}.Release|x86.Build.0 = Release|Any CPU
		{BFBE4365-551F-4944-B87D-5EA82C01D521}.Debug|Any CPU.ActiveCfg = Debug|Any CPU
		{BFBE4365-551F-4944-B87D-5EA82C01D521}.Debug|Any CPU.Build.0 = Debug|Any CPU
		{BFBE4365-551F-4944-B87D-5EA82C01D521}.Debug|x64.ActiveCfg = Debug|Any CPU
		{BFBE4365-551F-4944-B87D-5EA82C01D521}.Debug|x64.Build.0 = Debug|Any CPU
		{BFBE4365-551F-4944-B87D-5EA82C01D521}.Debug|x86.ActiveCfg = Debug|Any CPU
		{BFBE4365-551F-4944-B87D-5EA82C01D521}.Debug|x86.Build.0 = Debug|Any CPU
		{BFBE4365-551F-4944-B87D-5EA82C01D521}.Release|Any CPU.ActiveCfg = Release|Any CPU
		{BFBE4365-551F-4944-B87D-5EA82C01D521}.Release|Any CPU.Build.0 = Release|Any CPU
		{BFBE4365-551F-4944-B87D-5EA82C01D521}.Release|x64.ActiveCfg = Release|Any CPU
		{BFBE4365-551F-4944-B87D-5EA82C01D521}.Release|x64.Build.0 = Release|Any CPU
		{BFBE4365-551F-4944-B87D-5EA82C01D521}.Release|x86.ActiveCfg = Release|Any CPU
		{BFBE4365-551F-4944-B87D-5EA82C01D521}.Release|x86.Build.0 = Release|Any CPU
		{E5082CB2-1B8E-4E4F-8FC3-10B2E661CFBB}.Debug|Any CPU.ActiveCfg = Debug|Any CPU
		{E5082CB2-1B8E-4E4F-8FC3-10B2E661CFBB}.Debug|Any CPU.Build.0 = Debug|Any CPU
		{E5082CB2-1B8E-4E4F-8FC3-10B2E661CFBB}.Debug|x64.ActiveCfg = Debug|Any CPU
		{E5082CB2-1B8E-4E4F-8FC3-10B2E661CFBB}.Debug|x64.Build.0 = Debug|Any CPU
		{E5082CB2-1B8E-4E4F-8FC3-10B2E661CFBB}.Debug|x86.ActiveCfg = Debug|Any CPU
		{E5082CB2-1B8E-4E4F-8FC3-10B2E661CFBB}.Debug|x86.Build.0 = Debug|Any CPU
		{E5082CB2-1B8E-4E4F-8FC3-10B2E661CFBB}.Release|Any CPU.ActiveCfg = Release|Any CPU
		{E5082CB2-1B8E-4E4F-8FC3-10B2E661CFBB}.Release|Any CPU.Build.0 = Release|Any CPU
		{E5082CB2-1B8E-4E4F-8FC3-10B2E661CFBB}.Release|x64.ActiveCfg = Release|Any CPU
		{E5082CB2-1B8E-4E4F-8FC3-10B2E661CFBB}.Release|x64.Build.0 = Release|Any CPU
		{E5082CB2-1B8E-4E4F-8FC3-10B2E661CFBB}.Release|x86.ActiveCfg = Release|Any CPU
		{E5082CB2-1B8E-4E4F-8FC3-10B2E661CFBB}.Release|x86.Build.0 = Release|Any CPU
		{7AC4CB9B-B2AB-4F5B-B48A-0D226AEC1913}.Debug|Any CPU.ActiveCfg = Debug|Any CPU
		{7AC4CB9B-B2AB-4F5B-B48A-0D226AEC1913}.Debug|Any CPU.Build.0 = Debug|Any CPU
		{7AC4CB9B-B2AB-4F5B-B48A-0D226AEC1913}.Debug|x64.ActiveCfg = Debug|Any CPU
		{7AC4CB9B-B2AB-4F5B-B48A-0D226AEC1913}.Debug|x64.Build.0 = Debug|Any CPU
		{7AC4CB9B-B2AB-4F5B-B48A-0D226AEC1913}.Debug|x86.ActiveCfg = Debug|Any CPU
		{7AC4CB9B-B2AB-4F5B-B48A-0D226AEC1913}.Debug|x86.Build.0 = Debug|Any CPU
		{7AC4CB9B-B2AB-4F5B-B48A-0D226AEC1913}.Release|Any CPU.ActiveCfg = Release|Any CPU
		{7AC4CB9B-B2AB-4F5B-B48A-0D226AEC1913}.Release|Any CPU.Build.0 = Release|Any CPU
		{7AC4CB9B-B2AB-4F5B-B48A-0D226AEC1913}.Release|x64.ActiveCfg = Release|Any CPU
		{7AC4CB9B-B2AB-4F5B-B48A-0D226AEC1913}.Release|x64.Build.0 = Release|Any CPU
		{7AC4CB9B-B2AB-4F5B-B48A-0D226AEC1913}.Release|x86.ActiveCfg = Release|Any CPU
		{7AC4CB9B-B2AB-4F5B-B48A-0D226AEC1913}.Release|x86.Build.0 = Release|Any CPU
		{AF7BCB4F-216B-4C77-B8D6-03F46D12B0CB}.Debug|Any CPU.ActiveCfg = Debug|Any CPU
		{AF7BCB4F-216B-4C77-B8D6-03F46D12B0CB}.Debug|Any CPU.Build.0 = Debug|Any CPU
		{AF7BCB4F-216B-4C77-B8D6-03F46D12B0CB}.Debug|x64.ActiveCfg = Debug|Any CPU
		{AF7BCB4F-216B-4C77-B8D6-03F46D12B0CB}.Debug|x64.Build.0 = Debug|Any CPU
		{AF7BCB4F-216B-4C77-B8D6-03F46D12B0CB}.Debug|x86.ActiveCfg = Debug|Any CPU
		{AF7BCB4F-216B-4C77-B8D6-03F46D12B0CB}.Debug|x86.Build.0 = Debug|Any CPU
		{AF7BCB4F-216B-4C77-B8D6-03F46D12B0CB}.Release|Any CPU.ActiveCfg = Release|Any CPU
		{AF7BCB4F-216B-4C77-B8D6-03F46D12B0CB}.Release|Any CPU.Build.0 = Release|Any CPU
		{AF7BCB4F-216B-4C77-B8D6-03F46D12B0CB}.Release|x64.ActiveCfg = Release|Any CPU
		{AF7BCB4F-216B-4C77-B8D6-03F46D12B0CB}.Release|x64.Build.0 = Release|Any CPU
		{AF7BCB4F-216B-4C77-B8D6-03F46D12B0CB}.Release|x86.ActiveCfg = Release|Any CPU
		{AF7BCB4F-216B-4C77-B8D6-03F46D12B0CB}.Release|x86.Build.0 = Release|Any CPU
		{82E3B760-62BA-4B92-991D-381D5AA3EF40}.Debug|Any CPU.ActiveCfg = Debug|Any CPU
		{82E3B760-62BA-4B92-991D-381D5AA3EF40}.Debug|Any CPU.Build.0 = Debug|Any CPU
		{82E3B760-62BA-4B92-991D-381D5AA3EF40}.Debug|x64.ActiveCfg = Debug|Any CPU
		{82E3B760-62BA-4B92-991D-381D5AA3EF40}.Debug|x64.Build.0 = Debug|Any CPU
		{82E3B760-62BA-4B92-991D-381D5AA3EF40}.Debug|x86.ActiveCfg = Debug|Any CPU
		{82E3B760-62BA-4B92-991D-381D5AA3EF40}.Debug|x86.Build.0 = Debug|Any CPU
		{82E3B760-62BA-4B92-991D-381D5AA3EF40}.Release|Any CPU.ActiveCfg = Release|Any CPU
		{82E3B760-62BA-4B92-991D-381D5AA3EF40}.Release|Any CPU.Build.0 = Release|Any CPU
		{82E3B760-62BA-4B92-991D-381D5AA3EF40}.Release|x64.ActiveCfg = Release|Any CPU
		{82E3B760-62BA-4B92-991D-381D5AA3EF40}.Release|x64.Build.0 = Release|Any CPU
		{82E3B760-62BA-4B92-991D-381D5AA3EF40}.Release|x86.ActiveCfg = Release|Any CPU
		{82E3B760-62BA-4B92-991D-381D5AA3EF40}.Release|x86.Build.0 = Release|Any CPU
		{75F784A9-A894-47A4-B9EF-5F0EAF45C7A5}.Debug|Any CPU.ActiveCfg = Debug|Any CPU
		{75F784A9-A894-47A4-B9EF-5F0EAF45C7A5}.Debug|Any CPU.Build.0 = Debug|Any CPU
		{75F784A9-A894-47A4-B9EF-5F0EAF45C7A5}.Debug|x64.ActiveCfg = Debug|Any CPU
		{75F784A9-A894-47A4-B9EF-5F0EAF45C7A5}.Debug|x64.Build.0 = Debug|Any CPU
		{75F784A9-A894-47A4-B9EF-5F0EAF45C7A5}.Debug|x86.ActiveCfg = Debug|Any CPU
		{75F784A9-A894-47A4-B9EF-5F0EAF45C7A5}.Debug|x86.Build.0 = Debug|Any CPU
		{75F784A9-A894-47A4-B9EF-5F0EAF45C7A5}.Release|Any CPU.ActiveCfg = Release|Any CPU
		{75F784A9-A894-47A4-B9EF-5F0EAF45C7A5}.Release|Any CPU.Build.0 = Release|Any CPU
		{75F784A9-A894-47A4-B9EF-5F0EAF45C7A5}.Release|x64.ActiveCfg = Release|Any CPU
		{75F784A9-A894-47A4-B9EF-5F0EAF45C7A5}.Release|x64.Build.0 = Release|Any CPU
		{75F784A9-A894-47A4-B9EF-5F0EAF45C7A5}.Release|x86.ActiveCfg = Release|Any CPU
		{75F784A9-A894-47A4-B9EF-5F0EAF45C7A5}.Release|x86.Build.0 = Release|Any CPU
		{B56E0E9E-2962-46FD-9FA2-55488B32D8B2}.Debug|Any CPU.ActiveCfg = Debug|Any CPU
		{B56E0E9E-2962-46FD-9FA2-55488B32D8B2}.Debug|Any CPU.Build.0 = Debug|Any CPU
		{B56E0E9E-2962-46FD-9FA2-55488B32D8B2}.Debug|x64.ActiveCfg = Debug|Any CPU
		{B56E0E9E-2962-46FD-9FA2-55488B32D8B2}.Debug|x64.Build.0 = Debug|Any CPU
		{B56E0E9E-2962-46FD-9FA2-55488B32D8B2}.Debug|x86.ActiveCfg = Debug|Any CPU
		{B56E0E9E-2962-46FD-9FA2-55488B32D8B2}.Debug|x86.Build.0 = Debug|Any CPU
		{B56E0E9E-2962-46FD-9FA2-55488B32D8B2}.Release|Any CPU.ActiveCfg = Release|Any CPU
		{B56E0E9E-2962-46FD-9FA2-55488B32D8B2}.Release|Any CPU.Build.0 = Release|Any CPU
		{B56E0E9E-2962-46FD-9FA2-55488B32D8B2}.Release|x64.ActiveCfg = Release|Any CPU
		{B56E0E9E-2962-46FD-9FA2-55488B32D8B2}.Release|x64.Build.0 = Release|Any CPU
		{B56E0E9E-2962-46FD-9FA2-55488B32D8B2}.Release|x86.ActiveCfg = Release|Any CPU
		{B56E0E9E-2962-46FD-9FA2-55488B32D8B2}.Release|x86.Build.0 = Release|Any CPU
		{6CBA352C-4EA6-4218-810A-DAED14E65530}.Debug|Any CPU.ActiveCfg = Debug|Any CPU
		{6CBA352C-4EA6-4218-810A-DAED14E65530}.Debug|Any CPU.Build.0 = Debug|Any CPU
		{6CBA352C-4EA6-4218-810A-DAED14E65530}.Debug|x64.ActiveCfg = Debug|Any CPU
		{6CBA352C-4EA6-4218-810A-DAED14E65530}.Debug|x64.Build.0 = Debug|Any CPU
		{6CBA352C-4EA6-4218-810A-DAED14E65530}.Debug|x86.ActiveCfg = Debug|Any CPU
		{6CBA352C-4EA6-4218-810A-DAED14E65530}.Debug|x86.Build.0 = Debug|Any CPU
		{6CBA352C-4EA6-4218-810A-DAED14E65530}.Release|Any CPU.ActiveCfg = Release|Any CPU
		{6CBA352C-4EA6-4218-810A-DAED14E65530}.Release|Any CPU.Build.0 = Release|Any CPU
		{6CBA352C-4EA6-4218-810A-DAED14E65530}.Release|x64.ActiveCfg = Release|Any CPU
		{6CBA352C-4EA6-4218-810A-DAED14E65530}.Release|x64.Build.0 = Release|Any CPU
		{6CBA352C-4EA6-4218-810A-DAED14E65530}.Release|x86.ActiveCfg = Release|Any CPU
		{6CBA352C-4EA6-4218-810A-DAED14E65530}.Release|x86.Build.0 = Release|Any CPU
		{F3F3007B-7AB3-4B22-8FFE-565B04E29E8C}.Debug|Any CPU.ActiveCfg = Debug|Any CPU
		{F3F3007B-7AB3-4B22-8FFE-565B04E29E8C}.Debug|Any CPU.Build.0 = Debug|Any CPU
		{F3F3007B-7AB3-4B22-8FFE-565B04E29E8C}.Debug|x64.ActiveCfg = Debug|Any CPU
		{F3F3007B-7AB3-4B22-8FFE-565B04E29E8C}.Debug|x64.Build.0 = Debug|Any CPU
		{F3F3007B-7AB3-4B22-8FFE-565B04E29E8C}.Debug|x86.ActiveCfg = Debug|Any CPU
		{F3F3007B-7AB3-4B22-8FFE-565B04E29E8C}.Debug|x86.Build.0 = Debug|Any CPU
		{F3F3007B-7AB3-4B22-8FFE-565B04E29E8C}.Release|Any CPU.ActiveCfg = Release|Any CPU
		{F3F3007B-7AB3-4B22-8FFE-565B04E29E8C}.Release|Any CPU.Build.0 = Release|Any CPU
		{F3F3007B-7AB3-4B22-8FFE-565B04E29E8C}.Release|x64.ActiveCfg = Release|Any CPU
		{F3F3007B-7AB3-4B22-8FFE-565B04E29E8C}.Release|x64.Build.0 = Release|Any CPU
		{F3F3007B-7AB3-4B22-8FFE-565B04E29E8C}.Release|x86.ActiveCfg = Release|Any CPU
		{F3F3007B-7AB3-4B22-8FFE-565B04E29E8C}.Release|x86.Build.0 = Release|Any CPU
		{DDEDA449-A759-4945-B2C0-C03EAC6E7C0B}.Debug|Any CPU.ActiveCfg = Debug|Any CPU
		{DDEDA449-A759-4945-B2C0-C03EAC6E7C0B}.Debug|Any CPU.Build.0 = Debug|Any CPU
		{DDEDA449-A759-4945-B2C0-C03EAC6E7C0B}.Debug|x64.ActiveCfg = Debug|Any CPU
		{DDEDA449-A759-4945-B2C0-C03EAC6E7C0B}.Debug|x64.Build.0 = Debug|Any CPU
		{DDEDA449-A759-4945-B2C0-C03EAC6E7C0B}.Debug|x86.ActiveCfg = Debug|Any CPU
		{DDEDA449-A759-4945-B2C0-C03EAC6E7C0B}.Debug|x86.Build.0 = Debug|Any CPU
		{DDEDA449-A759-4945-B2C0-C03EAC6E7C0B}.Release|Any CPU.ActiveCfg = Release|Any CPU
		{DDEDA449-A759-4945-B2C0-C03EAC6E7C0B}.Release|Any CPU.Build.0 = Release|Any CPU
		{DDEDA449-A759-4945-B2C0-C03EAC6E7C0B}.Release|x64.ActiveCfg = Release|Any CPU
		{DDEDA449-A759-4945-B2C0-C03EAC6E7C0B}.Release|x64.Build.0 = Release|Any CPU
		{DDEDA449-A759-4945-B2C0-C03EAC6E7C0B}.Release|x86.ActiveCfg = Release|Any CPU
		{DDEDA449-A759-4945-B2C0-C03EAC6E7C0B}.Release|x86.Build.0 = Release|Any CPU
		{392E2851-DB87-490F-AF6F-180A313BF5A2}.Debug|Any CPU.ActiveCfg = Debug|Any CPU
		{392E2851-DB87-490F-AF6F-180A313BF5A2}.Debug|Any CPU.Build.0 = Debug|Any CPU
		{392E2851-DB87-490F-AF6F-180A313BF5A2}.Debug|x64.ActiveCfg = Debug|Any CPU
		{392E2851-DB87-490F-AF6F-180A313BF5A2}.Debug|x64.Build.0 = Debug|Any CPU
		{392E2851-DB87-490F-AF6F-180A313BF5A2}.Debug|x86.ActiveCfg = Debug|Any CPU
		{392E2851-DB87-490F-AF6F-180A313BF5A2}.Debug|x86.Build.0 = Debug|Any CPU
		{392E2851-DB87-490F-AF6F-180A313BF5A2}.Release|Any CPU.ActiveCfg = Release|Any CPU
		{392E2851-DB87-490F-AF6F-180A313BF5A2}.Release|Any CPU.Build.0 = Release|Any CPU
		{392E2851-DB87-490F-AF6F-180A313BF5A2}.Release|x64.ActiveCfg = Release|Any CPU
		{392E2851-DB87-490F-AF6F-180A313BF5A2}.Release|x64.Build.0 = Release|Any CPU
		{392E2851-DB87-490F-AF6F-180A313BF5A2}.Release|x86.ActiveCfg = Release|Any CPU
		{392E2851-DB87-490F-AF6F-180A313BF5A2}.Release|x86.Build.0 = Release|Any CPU
		{C7F52BCE-8CBE-45E4-9D17-1BAFADAD4478}.Debug|Any CPU.ActiveCfg = Debug|Any CPU
		{C7F52BCE-8CBE-45E4-9D17-1BAFADAD4478}.Debug|Any CPU.Build.0 = Debug|Any CPU
		{C7F52BCE-8CBE-45E4-9D17-1BAFADAD4478}.Debug|x64.ActiveCfg = Debug|Any CPU
		{C7F52BCE-8CBE-45E4-9D17-1BAFADAD4478}.Debug|x64.Build.0 = Debug|Any CPU
		{C7F52BCE-8CBE-45E4-9D17-1BAFADAD4478}.Debug|x86.ActiveCfg = Debug|Any CPU
		{C7F52BCE-8CBE-45E4-9D17-1BAFADAD4478}.Debug|x86.Build.0 = Debug|Any CPU
		{C7F52BCE-8CBE-45E4-9D17-1BAFADAD4478}.Release|Any CPU.ActiveCfg = Release|Any CPU
		{C7F52BCE-8CBE-45E4-9D17-1BAFADAD4478}.Release|Any CPU.Build.0 = Release|Any CPU
		{C7F52BCE-8CBE-45E4-9D17-1BAFADAD4478}.Release|x64.ActiveCfg = Release|Any CPU
		{C7F52BCE-8CBE-45E4-9D17-1BAFADAD4478}.Release|x64.Build.0 = Release|Any CPU
		{C7F52BCE-8CBE-45E4-9D17-1BAFADAD4478}.Release|x86.ActiveCfg = Release|Any CPU
		{C7F52BCE-8CBE-45E4-9D17-1BAFADAD4478}.Release|x86.Build.0 = Release|Any CPU
		{74211509-6861-4BA7-B8FB-D48861DC6445}.Debug|Any CPU.ActiveCfg = Debug|Any CPU
		{74211509-6861-4BA7-B8FB-D48861DC6445}.Debug|Any CPU.Build.0 = Debug|Any CPU
		{74211509-6861-4BA7-B8FB-D48861DC6445}.Debug|x64.ActiveCfg = Debug|Any CPU
		{74211509-6861-4BA7-B8FB-D48861DC6445}.Debug|x64.Build.0 = Debug|Any CPU
		{74211509-6861-4BA7-B8FB-D48861DC6445}.Debug|x86.ActiveCfg = Debug|Any CPU
		{74211509-6861-4BA7-B8FB-D48861DC6445}.Debug|x86.Build.0 = Debug|Any CPU
		{74211509-6861-4BA7-B8FB-D48861DC6445}.Release|Any CPU.ActiveCfg = Release|Any CPU
		{74211509-6861-4BA7-B8FB-D48861DC6445}.Release|Any CPU.Build.0 = Release|Any CPU
		{74211509-6861-4BA7-B8FB-D48861DC6445}.Release|x64.ActiveCfg = Release|Any CPU
		{74211509-6861-4BA7-B8FB-D48861DC6445}.Release|x64.Build.0 = Release|Any CPU
		{74211509-6861-4BA7-B8FB-D48861DC6445}.Release|x86.ActiveCfg = Release|Any CPU
		{74211509-6861-4BA7-B8FB-D48861DC6445}.Release|x86.Build.0 = Release|Any CPU
		{AAB40166-4802-4424-B556-6FA9D7CEF33B}.Debug|Any CPU.ActiveCfg = Debug|Any CPU
		{AAB40166-4802-4424-B556-6FA9D7CEF33B}.Debug|Any CPU.Build.0 = Debug|Any CPU
		{AAB40166-4802-4424-B556-6FA9D7CEF33B}.Debug|x64.ActiveCfg = Debug|Any CPU
		{AAB40166-4802-4424-B556-6FA9D7CEF33B}.Debug|x64.Build.0 = Debug|Any CPU
		{AAB40166-4802-4424-B556-6FA9D7CEF33B}.Debug|x86.ActiveCfg = Debug|Any CPU
		{AAB40166-4802-4424-B556-6FA9D7CEF33B}.Debug|x86.Build.0 = Debug|Any CPU
		{AAB40166-4802-4424-B556-6FA9D7CEF33B}.Release|Any CPU.ActiveCfg = Release|Any CPU
		{AAB40166-4802-4424-B556-6FA9D7CEF33B}.Release|Any CPU.Build.0 = Release|Any CPU
		{AAB40166-4802-4424-B556-6FA9D7CEF33B}.Release|x64.ActiveCfg = Release|Any CPU
		{AAB40166-4802-4424-B556-6FA9D7CEF33B}.Release|x64.Build.0 = Release|Any CPU
		{AAB40166-4802-4424-B556-6FA9D7CEF33B}.Release|x86.ActiveCfg = Release|Any CPU
		{AAB40166-4802-4424-B556-6FA9D7CEF33B}.Release|x86.Build.0 = Release|Any CPU
		{5254DDA9-EDD2-48EF-85BB-7B759CC1FC30}.Debug|Any CPU.ActiveCfg = Debug|Any CPU
		{5254DDA9-EDD2-48EF-85BB-7B759CC1FC30}.Debug|Any CPU.Build.0 = Debug|Any CPU
		{5254DDA9-EDD2-48EF-85BB-7B759CC1FC30}.Debug|x64.ActiveCfg = Debug|Any CPU
		{5254DDA9-EDD2-48EF-85BB-7B759CC1FC30}.Debug|x64.Build.0 = Debug|Any CPU
		{5254DDA9-EDD2-48EF-85BB-7B759CC1FC30}.Debug|x86.ActiveCfg = Debug|Any CPU
		{5254DDA9-EDD2-48EF-85BB-7B759CC1FC30}.Debug|x86.Build.0 = Debug|Any CPU
		{5254DDA9-EDD2-48EF-85BB-7B759CC1FC30}.Release|Any CPU.ActiveCfg = Release|Any CPU
		{5254DDA9-EDD2-48EF-85BB-7B759CC1FC30}.Release|Any CPU.Build.0 = Release|Any CPU
		{5254DDA9-EDD2-48EF-85BB-7B759CC1FC30}.Release|x64.ActiveCfg = Release|Any CPU
		{5254DDA9-EDD2-48EF-85BB-7B759CC1FC30}.Release|x64.Build.0 = Release|Any CPU
		{5254DDA9-EDD2-48EF-85BB-7B759CC1FC30}.Release|x86.ActiveCfg = Release|Any CPU
		{5254DDA9-EDD2-48EF-85BB-7B759CC1FC30}.Release|x86.Build.0 = Release|Any CPU
		{0151CD4B-89E7-4328-AC12-AA23768917F4}.Debug|Any CPU.ActiveCfg = Debug|Any CPU
		{0151CD4B-89E7-4328-AC12-AA23768917F4}.Debug|Any CPU.Build.0 = Debug|Any CPU
		{0151CD4B-89E7-4328-AC12-AA23768917F4}.Debug|x64.ActiveCfg = Debug|Any CPU
		{0151CD4B-89E7-4328-AC12-AA23768917F4}.Debug|x64.Build.0 = Debug|Any CPU
		{0151CD4B-89E7-4328-AC12-AA23768917F4}.Debug|x86.ActiveCfg = Debug|Any CPU
		{0151CD4B-89E7-4328-AC12-AA23768917F4}.Debug|x86.Build.0 = Debug|Any CPU
		{0151CD4B-89E7-4328-AC12-AA23768917F4}.Release|Any CPU.ActiveCfg = Release|Any CPU
		{0151CD4B-89E7-4328-AC12-AA23768917F4}.Release|Any CPU.Build.0 = Release|Any CPU
		{0151CD4B-89E7-4328-AC12-AA23768917F4}.Release|x64.ActiveCfg = Release|Any CPU
		{0151CD4B-89E7-4328-AC12-AA23768917F4}.Release|x64.Build.0 = Release|Any CPU
		{0151CD4B-89E7-4328-AC12-AA23768917F4}.Release|x86.ActiveCfg = Release|Any CPU
		{0151CD4B-89E7-4328-AC12-AA23768917F4}.Release|x86.Build.0 = Release|Any CPU
		{03B1A1C1-ECF8-43EB-B0A8-D4D840B5A8FD}.Debug|Any CPU.ActiveCfg = Debug|Any CPU
		{03B1A1C1-ECF8-43EB-B0A8-D4D840B5A8FD}.Debug|Any CPU.Build.0 = Debug|Any CPU
		{03B1A1C1-ECF8-43EB-B0A8-D4D840B5A8FD}.Debug|x64.ActiveCfg = Debug|Any CPU
		{03B1A1C1-ECF8-43EB-B0A8-D4D840B5A8FD}.Debug|x64.Build.0 = Debug|Any CPU
		{03B1A1C1-ECF8-43EB-B0A8-D4D840B5A8FD}.Debug|x86.ActiveCfg = Debug|Any CPU
		{03B1A1C1-ECF8-43EB-B0A8-D4D840B5A8FD}.Debug|x86.Build.0 = Debug|Any CPU
		{03B1A1C1-ECF8-43EB-B0A8-D4D840B5A8FD}.Release|Any CPU.ActiveCfg = Release|Any CPU
		{03B1A1C1-ECF8-43EB-B0A8-D4D840B5A8FD}.Release|Any CPU.Build.0 = Release|Any CPU
		{03B1A1C1-ECF8-43EB-B0A8-D4D840B5A8FD}.Release|x64.ActiveCfg = Release|Any CPU
		{03B1A1C1-ECF8-43EB-B0A8-D4D840B5A8FD}.Release|x64.Build.0 = Release|Any CPU
		{03B1A1C1-ECF8-43EB-B0A8-D4D840B5A8FD}.Release|x86.ActiveCfg = Release|Any CPU
		{03B1A1C1-ECF8-43EB-B0A8-D4D840B5A8FD}.Release|x86.Build.0 = Release|Any CPU
		{55BDEE22-31A6-47FE-BB85-E4A74645EAE5}.Debug|Any CPU.ActiveCfg = Debug|Any CPU
		{55BDEE22-31A6-47FE-BB85-E4A74645EAE5}.Debug|Any CPU.Build.0 = Debug|Any CPU
		{55BDEE22-31A6-47FE-BB85-E4A74645EAE5}.Debug|x64.ActiveCfg = Debug|Any CPU
		{55BDEE22-31A6-47FE-BB85-E4A74645EAE5}.Debug|x64.Build.0 = Debug|Any CPU
		{55BDEE22-31A6-47FE-BB85-E4A74645EAE5}.Debug|x86.ActiveCfg = Debug|Any CPU
		{55BDEE22-31A6-47FE-BB85-E4A74645EAE5}.Debug|x86.Build.0 = Debug|Any CPU
		{55BDEE22-31A6-47FE-BB85-E4A74645EAE5}.Release|Any CPU.ActiveCfg = Release|Any CPU
		{55BDEE22-31A6-47FE-BB85-E4A74645EAE5}.Release|Any CPU.Build.0 = Release|Any CPU
		{55BDEE22-31A6-47FE-BB85-E4A74645EAE5}.Release|x64.ActiveCfg = Release|Any CPU
		{55BDEE22-31A6-47FE-BB85-E4A74645EAE5}.Release|x64.Build.0 = Release|Any CPU
		{55BDEE22-31A6-47FE-BB85-E4A74645EAE5}.Release|x86.ActiveCfg = Release|Any CPU
		{55BDEE22-31A6-47FE-BB85-E4A74645EAE5}.Release|x86.Build.0 = Release|Any CPU
		{5F38905F-8145-4D13-A5AE-6BF36C9542BD}.Debug|Any CPU.ActiveCfg = Debug|Any CPU
		{5F38905F-8145-4D13-A5AE-6BF36C9542BD}.Debug|Any CPU.Build.0 = Debug|Any CPU
		{5F38905F-8145-4D13-A5AE-6BF36C9542BD}.Debug|x64.ActiveCfg = Debug|Any CPU
		{5F38905F-8145-4D13-A5AE-6BF36C9542BD}.Debug|x64.Build.0 = Debug|Any CPU
		{5F38905F-8145-4D13-A5AE-6BF36C9542BD}.Debug|x86.ActiveCfg = Debug|Any CPU
		{5F38905F-8145-4D13-A5AE-6BF36C9542BD}.Debug|x86.Build.0 = Debug|Any CPU
		{5F38905F-8145-4D13-A5AE-6BF36C9542BD}.Release|Any CPU.ActiveCfg = Release|Any CPU
		{5F38905F-8145-4D13-A5AE-6BF36C9542BD}.Release|Any CPU.Build.0 = Release|Any CPU
		{5F38905F-8145-4D13-A5AE-6BF36C9542BD}.Release|x64.ActiveCfg = Release|Any CPU
		{5F38905F-8145-4D13-A5AE-6BF36C9542BD}.Release|x64.Build.0 = Release|Any CPU
		{5F38905F-8145-4D13-A5AE-6BF36C9542BD}.Release|x86.ActiveCfg = Release|Any CPU
		{5F38905F-8145-4D13-A5AE-6BF36C9542BD}.Release|x86.Build.0 = Release|Any CPU
		{2B5BEB89-9861-4DE8-9DCC-0FB702D325B8}.Debug|Any CPU.ActiveCfg = Debug|Any CPU
		{2B5BEB89-9861-4DE8-9DCC-0FB702D325B8}.Debug|Any CPU.Build.0 = Debug|Any CPU
		{2B5BEB89-9861-4DE8-9DCC-0FB702D325B8}.Debug|x64.ActiveCfg = Debug|Any CPU
		{2B5BEB89-9861-4DE8-9DCC-0FB702D325B8}.Debug|x64.Build.0 = Debug|Any CPU
		{2B5BEB89-9861-4DE8-9DCC-0FB702D325B8}.Debug|x86.ActiveCfg = Debug|Any CPU
		{2B5BEB89-9861-4DE8-9DCC-0FB702D325B8}.Debug|x86.Build.0 = Debug|Any CPU
		{2B5BEB89-9861-4DE8-9DCC-0FB702D325B8}.Release|Any CPU.ActiveCfg = Release|Any CPU
		{2B5BEB89-9861-4DE8-9DCC-0FB702D325B8}.Release|Any CPU.Build.0 = Release|Any CPU
		{2B5BEB89-9861-4DE8-9DCC-0FB702D325B8}.Release|x64.ActiveCfg = Release|Any CPU
		{2B5BEB89-9861-4DE8-9DCC-0FB702D325B8}.Release|x64.Build.0 = Release|Any CPU
		{2B5BEB89-9861-4DE8-9DCC-0FB702D325B8}.Release|x86.ActiveCfg = Release|Any CPU
		{2B5BEB89-9861-4DE8-9DCC-0FB702D325B8}.Release|x86.Build.0 = Release|Any CPU
		{50194E56-482C-4337-B787-B052134FD5D6}.Debug|Any CPU.ActiveCfg = Debug|Any CPU
		{50194E56-482C-4337-B787-B052134FD5D6}.Debug|Any CPU.Build.0 = Debug|Any CPU
		{50194E56-482C-4337-B787-B052134FD5D6}.Debug|x64.ActiveCfg = Debug|Any CPU
		{50194E56-482C-4337-B787-B052134FD5D6}.Debug|x64.Build.0 = Debug|Any CPU
		{50194E56-482C-4337-B787-B052134FD5D6}.Debug|x86.ActiveCfg = Debug|Any CPU
		{50194E56-482C-4337-B787-B052134FD5D6}.Debug|x86.Build.0 = Debug|Any CPU
		{50194E56-482C-4337-B787-B052134FD5D6}.Release|Any CPU.ActiveCfg = Release|Any CPU
		{50194E56-482C-4337-B787-B052134FD5D6}.Release|Any CPU.Build.0 = Release|Any CPU
		{50194E56-482C-4337-B787-B052134FD5D6}.Release|x64.ActiveCfg = Release|Any CPU
		{50194E56-482C-4337-B787-B052134FD5D6}.Release|x64.Build.0 = Release|Any CPU
		{50194E56-482C-4337-B787-B052134FD5D6}.Release|x86.ActiveCfg = Release|Any CPU
		{50194E56-482C-4337-B787-B052134FD5D6}.Release|x86.Build.0 = Release|Any CPU
	EndGlobalSection
	GlobalSection(SolutionProperties) = preSolution
		HideSolutionNode = FALSE
	EndGlobalSection
	GlobalSection(NestedProjects) = preSolution
		{96E41A40-FD46-46D4-B9C0-F85458CDE4FA} = {A27D2E3D-1178-4C25-BE70-D74A4CABA232}
		{DB2C0E7D-72D2-499C-A9BB-1090EB31AC12} = {A27D2E3D-1178-4C25-BE70-D74A4CABA232}
		{99598085-5771-410F-BC86-48B6516E5E85} = {33641F7F-E18E-434F-B81C-10BC62EDEB0C}
		{D179C2F3-D06A-44DF-B5B8-AE4BB3B128AC} = {33641F7F-E18E-434F-B81C-10BC62EDEB0C}
		{83B46896-F429-4BC2-AD98-A6ED7A399086} = {A27D2E3D-1178-4C25-BE70-D74A4CABA232}
		{0208C542-6631-4ADF-A0D7-AE57F74E7871} = {33641F7F-E18E-434F-B81C-10BC62EDEB0C}
		{C67F75A5-8DF1-446C-9583-A3B2DFBE3C0F} = {A27D2E3D-1178-4C25-BE70-D74A4CABA232}
		{BFBE4365-551F-4944-B87D-5EA82C01D521} = {A27D2E3D-1178-4C25-BE70-D74A4CABA232}
		{E5082CB2-1B8E-4E4F-8FC3-10B2E661CFBB} = {A27D2E3D-1178-4C25-BE70-D74A4CABA232}
		{7AC4CB9B-B2AB-4F5B-B48A-0D226AEC1913} = {33641F7F-E18E-434F-B81C-10BC62EDEB0C}
		{AF7BCB4F-216B-4C77-B8D6-03F46D12B0CB} = {33641F7F-E18E-434F-B81C-10BC62EDEB0C}
		{82E3B760-62BA-4B92-991D-381D5AA3EF40} = {33641F7F-E18E-434F-B81C-10BC62EDEB0C}
		{75F784A9-A894-47A4-B9EF-5F0EAF45C7A5} = {A27D2E3D-1178-4C25-BE70-D74A4CABA232}
		{B56E0E9E-2962-46FD-9FA2-55488B32D8B2} = {A27D2E3D-1178-4C25-BE70-D74A4CABA232}
		{6CBA352C-4EA6-4218-810A-DAED14E65530} = {A27D2E3D-1178-4C25-BE70-D74A4CABA232}
		{F3F3007B-7AB3-4B22-8FFE-565B04E29E8C} = {A27D2E3D-1178-4C25-BE70-D74A4CABA232}
		{DDEDA449-A759-4945-B2C0-C03EAC6E7C0B} = {A27D2E3D-1178-4C25-BE70-D74A4CABA232}
		{392E2851-DB87-490F-AF6F-180A313BF5A2} = {33641F7F-E18E-434F-B81C-10BC62EDEB0C}
		{C7F52BCE-8CBE-45E4-9D17-1BAFADAD4478} = {A27D2E3D-1178-4C25-BE70-D74A4CABA232}
		{74211509-6861-4BA7-B8FB-D48861DC6445} = {33641F7F-E18E-434F-B81C-10BC62EDEB0C}
		{AAB40166-4802-4424-B556-6FA9D7CEF33B} = {A27D2E3D-1178-4C25-BE70-D74A4CABA232}
		{5254DDA9-EDD2-48EF-85BB-7B759CC1FC30} = {33641F7F-E18E-434F-B81C-10BC62EDEB0C}
		{0151CD4B-89E7-4328-AC12-AA23768917F4} = {A27D2E3D-1178-4C25-BE70-D74A4CABA232}
		{03B1A1C1-ECF8-43EB-B0A8-D4D840B5A8FD} = {33641F7F-E18E-434F-B81C-10BC62EDEB0C}
		{55BDEE22-31A6-47FE-BB85-E4A74645EAE5} = {A27D2E3D-1178-4C25-BE70-D74A4CABA232}
		{5F38905F-8145-4D13-A5AE-6BF36C9542BD} = {A27D2E3D-1178-4C25-BE70-D74A4CABA232}
		{2B5BEB89-9861-4DE8-9DCC-0FB702D325B8} = {A27D2E3D-1178-4C25-BE70-D74A4CABA232}
		{50194E56-482C-4337-B787-B052134FD5D6} = {33641F7F-E18E-434F-B81C-10BC62EDEB0C}
	EndGlobalSection
EndGlobal
